{
  "requires": true,
  "lockfileVersion": 1,
  "dependencies": {
    "wafer2-client-sdk": {
      "version": "2.1.0",
      "resolved": "https://registry.npmjs.org/wafer2-client-sdk/-/wafer2-client-sdk-2.1.0.tgz",
      "integrity": "sha512-tpfWcSQrnnBjOFA+IzXVnrAHnW4uKDrnNr0IMau5NJegKV3xEMjavhe5YECN+HJNupRZn9n2959qnVu1PY/07Q=="
    }
  }
}
